
Microsoft Visual Studio Solution File, Format Version 12.00
# Visual Studio Version 16
VisualStudioVersion = 16.0.30114.105
MinimumVisualStudioVersion = 10.0.40219.1
Project("{9A19103F-16F7-4668-BE54-9A1E7A4F7556}") = "delos", "delos.csproj", "{BC251C9D-9684-469D-A1CF-07BF307ADB06}"
EndProject
Global
	GlobalSection(SolutionConfigurationPlatforms) = preSolution
		Debug|Any CPU = Debug|Any CPU
		Debug|x64 = Debug|x64
		Debug|x86 = Debug|x86
		Release|Any CPU = Release|Any CPU
		Release|x64 = Release|x64
		Release|x86 = Release|x86
	EndGlobalSection
	GlobalSection(ProjectConfigurationPlatforms) = postSolution
		{BC251C9D-9684-469D-A1CF-07BF307ADB06}.Debug|Any CPU.ActiveCfg = Debug|Any CPU
		{BC251C9D-9684-469D-A1CF-07BF307ADB06}.Debug|Any CPU.Build.0 = Debug|Any CPU
		{BC251C9D-9684-469D-A1CF-07BF307ADB06}.Debug|x64.ActiveCfg = Debug|Any CPU
		{BC251C9D-9684-469D-A1CF-07BF307ADB06}.Debug|x64.Build.0 = Debug|Any CPU
		{BC251C9D-9684-469D-A1CF-07BF307ADB06}.Debug|x86.ActiveCfg = Debug|Any CPU
		{BC251C9D-9684-469D-A1CF-07BF307ADB06}.Debug|x86.Build.0 = Debug|Any CPU
		{BC251C9D-9684-469D-A1CF-07BF307ADB06}.Release|Any CPU.ActiveCfg = Release|Any CPU
		{BC251C9D-9684-469D-A1CF-07BF307ADB06}.Release|Any CPU.Build.0 = Release|Any CPU
		{BC251C9D-9684-469D-A1CF-07BF307ADB06}.Release|x64.ActiveCfg = Release|Any CPU
		{BC251C9D-9684-469D-A1CF-07BF307ADB06}.Release|x64.Build.0 = Release|Any CPU
		{BC251C9D-9684-469D-A1CF-07BF307ADB06}.Release|x86.ActiveCfg = Release|Any CPU
		{BC251C9D-9684-469D-A1CF-07BF307ADB06}.Release|x86.Build.0 = Release|Any CPU
	EndGlobalSection
	GlobalSection(SolutionProperties) = preSolution
		HideSolutionNode = FALSE
	EndGlobalSection
	GlobalSection(ExtensibilityGlobals) = postSolution
		SolutionGuid = {98164F43-A06C-41A5-B75A-BA08D65F946D}
	EndGlobalSection
EndGlobal
